
Microsoft Visual Studio Solution File, Format Version 12.00
# Visual Studio Version 17
VisualStudioVersion = 17.0.31912.275
MinimumVisualStudioVersion = 10.0.40219.1
Project("{FAE04EC0-301F-11D3-BF4B-00C04F79EFBC}") = "WarehouseManagmentSystem_API", "WarehouseManagmentSystem_API\WarehouseManagmentSystem_API.csproj", "{20ECEB53-0720-4DC8-AC17-4FD67B9572F1}"
EndProject
Project("{FAE04EC0-301F-11D3-BF4B-00C04F79EFBC}") = "WarehouseManagmentSystem_API.infrastructure", "WarehouseManagmentSystem_API.infrastructure\WarehouseManagmentSystem_API.infrastructure.csproj", "{CCEECD6D-DEFC-44FA-A6CF-65624CF5A5A7}"
EndProject
Global
	GlobalSection(SolutionConfigurationPlatforms) = preSolution
		Debug|Any CPU = Debug|Any CPU
		Release|Any CPU = Release|Any CPU
	EndGlobalSection
	GlobalSection(ProjectConfigurationPlatforms) = postSolution
		{20ECEB53-0720-4DC8-AC17-4FD67B9572F1}.Debug|Any CPU.ActiveCfg = Debug|Any CPU
		{20ECEB53-0720-4DC8-AC17-4FD67B9572F1}.Debug|Any CPU.Build.0 = Debug|Any CPU
		{20ECEB53-0720-4DC8-AC17-4FD67B9572F1}.Release|Any CPU.ActiveCfg = Release|Any CPU
		{20ECEB53-0720-4DC8-AC17-4FD67B9572F1}.Release|Any CPU.Build.0 = Release|Any CPU
		{CCEECD6D-DEFC-44FA-A6CF-65624CF5A5A7}.Debug|Any CPU.ActiveCfg = Debug|Any CPU
		{CCEECD6D-DEFC-44FA-A6CF-65624CF5A5A7}.Debug|Any CPU.Build.0 = Debug|Any CPU
		{CCEECD6D-DEFC-44FA-A6CF-65624CF5A5A7}.Release|Any CPU.ActiveCfg = Release|Any CPU
		{CCEECD6D-DEFC-44FA-A6CF-65624CF5A5A7}.Release|Any CPU.Build.0 = Release|Any CPU
	EndGlobalSection
	GlobalSection(SolutionProperties) = preSolution
		HideSolutionNode = FALSE
	EndGlobalSection
	GlobalSection(ExtensibilityGlobals) = postSolution
		SolutionGuid = {1C2E905E-D988-4A7A-807F-5B21207A332F}
	EndGlobalSection
EndGlobal
